{
  "name": "wme-maplinks",
  "version": "1.4.0",
  "lockfileVersion": 3,
  "requires": true,
  "packages": {
    "": {
      "name": "wme-maplinks",
      "version": "1.4.0",
      "devDependencies": {
        "@types/jquery": "^3.5.30",
        "@types/proj4": "^2.5.5",
        "typescript": "^5.3.3",
        "wme-sdk-typings": "https://web-assets.waze.com/wme_sdk_docs/production/latest/wme-sdk-typings.tgz"
      }
    },
    "node_modules/@types/geojson": {
      "version": "7946.0.16",
      "resolved": "https://registry.npmjs.org/@types/geojson/-/geojson-7946.0.16.tgz",
      "integrity": "sha512-6C8nqWur3j98U6+lXDfTUWIfgvZU+EumvpHKcYjujKH7woYyLj2sUmff0tRhrqM7BohUw7Pz3ZB1jj2gW9Fvmg==",
      "dev": true,
      "license": "MIT",
      "peer": true
    },
    "node_modules/@types/jquery": {
      "version": "3.5.33",
      "resolved": "https://registry.npmjs.org/@types/jquery/-/jquery-3.5.33.tgz",
      "integrity": "sha512-SeyVJXlCZpEki5F0ghuYe+L+PprQta6nRZqhONt9F13dWBtR/ftoaIbdRQ7cis7womE+X2LKhsDdDtkkDhJS6g==",
      "dev": true,
      "license": "MIT",
      "dependencies": {
        "@types/sizzle": "*"
      }
    },
    "node_modules/@types/proj4": {
      "version": "2.5.6",
      "resolved": "https://registry.npmjs.org/@types/proj4/-/proj4-2.5.6.tgz",
      "integrity": "sha512-zfMrPy9fx+8DchqM0kIUGeu2tTVB5ApO1KGAYcSGFS8GoqRIkyL41xq2yCx/iV3sOLzo7v4hEgViSLTiPI1L0w==",
      "dev": true,
      "license": "MIT"
    },
    "node_modules/@types/sizzle": {
      "version": "2.3.10",
      "resolved": "https://registry.npmjs.org/@types/sizzle/-/sizzle-2.3.10.tgz",
      "integrity": "sha512-TC0dmN0K8YcWEAEfiPi5gJP14eJe30TTGjkvek3iM/1NdHHsdCA/Td6GvNndMOo/iSnIsZ4HuuhrYPDAmbxzww==",
      "dev": true,
      "license": "MIT"
    },
    "node_modules/typescript": {
      "version": "5.9.3",
      "resolved": "https://registry.npmjs.org/typescript/-/typescript-5.9.3.tgz",
      "integrity": "sha512-jl1vZzPDinLr9eUt3J/t7V6FgNEw9QjvBPdysz9KfQDD41fQrC2Y4vKQdiaUpFT4bXlb1RHhLpp8wtm6M5TgSw==",
      "dev": true,
      "license": "Apache-2.0",
      "bin": {
        "tsc": "bin/tsc",
        "tsserver": "bin/tsserver"
      },
      "engines": {
        "node": ">=14.17"
      }
    },
    "node_modules/wme-sdk-typings": {
      "version": "v2.331-11-gf9507e2eb9",
      "resolved": "https://web-assets.waze.com/wme_sdk_docs/production/latest/wme-sdk-typings.tgz",
      "integrity": "sha512-F9iYCV+c0Dg1gpgX44vHPK4fn7xbm+U1hdUXn/tikjOjkfK8rWFgX/pDn3upEGc9zMmiYdtvTK7/c+V2ddcrqg==",
      "dev": true,
      "license": "UNLICENSED",
      "peerDependencies": {
        "@types/geojson": "^7946.0.14"
      }
    }
  }
}
